// !$*UTF8*$!
{
	archiveVersion = 1;
	classes = {
	};
	objectVersion = 56;
	objects = {

/* Begin PBXBuildFile section */
		962322EC2A3388C600C85D93 /* PokemonListCellConstants.swift in Sources */ = {isa = PBXBuildFile; fileRef = 962322EB2A3388C600C85D93 /* PokemonListCellConstants.swift */; };
		963AFC752A29006A0039A8FD /* AppDelegate.swift in Sources */ = {isa = PBXBuildFile; fileRef = 963AFC742A29006A0039A8FD /* AppDelegate.swift */; };
		963AFC772A29006A0039A8FD /* SceneDelegate.swift in Sources */ = {isa = PBXBuildFile; fileRef = 963AFC762A29006A0039A8FD /* SceneDelegate.swift */; };
		963AFC792A29006A0039A8FD /* PokemonListViewController.swift in Sources */ = {isa = PBXBuildFile; fileRef = 963AFC782A29006A0039A8FD /* PokemonListViewController.swift */; };
		963AFC7E2A29006C0039A8FD /* Assets.xcassets in Resources */ = {isa = PBXBuildFile; fileRef = 963AFC7D2A29006C0039A8FD /* Assets.xcassets */; };
		963AFC812A29006C0039A8FD /* LaunchScreen.storyboard in Resources */ = {isa = PBXBuildFile; fileRef = 963AFC7F2A29006C0039A8FD /* LaunchScreen.storyboard */; };
		963AFC892A2900CF0039A8FD /* PokemonListCell.swift in Sources */ = {isa = PBXBuildFile; fileRef = 963AFC882A2900CF0039A8FD /* PokemonListCell.swift */; };
		963AFC8B2A2900EF0039A8FD /* PokemonDetails.swift in Sources */ = {isa = PBXBuildFile; fileRef = 963AFC8A2A2900EF0039A8FD /* PokemonDetails.swift */; };
		963AFC8D2A2900FE0039A8FD /* PokemonList.swift in Sources */ = {isa = PBXBuildFile; fileRef = 963AFC8C2A2900FE0039A8FD /* PokemonList.swift */; };
		9658FE0F2AC1FAAA00058ECC /* PokemonDetailsConstants.swift in Sources */ = {isa = PBXBuildFile; fileRef = 9658FE0E2AC1FAAA00058ECC /* PokemonDetailsConstants.swift */; };
		96680DB82A797B9100FBA3A7 /* PokemonListViewModel.swift in Sources */ = {isa = PBXBuildFile; fileRef = 96680DB72A797B9100FBA3A7 /* PokemonListViewModel.swift */; };
		9691C66E2A8D3E0800EFD581 /* PokemonDetailsViewController.swift in Sources */ = {isa = PBXBuildFile; fileRef = 9691C66D2A8D3E0800EFD581 /* PokemonDetailsViewController.swift */; };
		969215C32AFD2E2F009A12AB /* Service.swift in Sources */ = {isa = PBXBuildFile; fileRef = 969215C22AFD2E2F009A12AB /* Service.swift */; };
		969215C52AFD2E47009A12AB /* PokedexService.swift in Sources */ = {isa = PBXBuildFile; fileRef = 969215C42AFD2E47009A12AB /* PokedexService.swift */; };
		969215C82B026400009A12AB /* PokemonListSearchBar.swift in Sources */ = {isa = PBXBuildFile; fileRef = 969215C72B026400009A12AB /* PokemonListSearchBar.swift */; };
		9698706C2A324C840056EDAE /* PokemonListConstants.swift in Sources */ = {isa = PBXBuildFile; fileRef = 9698706B2A324C840056EDAE /* PokemonListConstants.swift */; };
		96B651242AC1B03A00481EC5 /* PokemonDetailsViewModel.swift in Sources */ = {isa = PBXBuildFile; fileRef = 96B651232AC1B03A00481EC5 /* PokemonDetailsViewModel.swift */; };
/* End PBXBuildFile section */

/* Begin PBXFileReference section */
		962322EB2A3388C600C85D93 /* PokemonListCellConstants.swift */ = {isa = PBXFileReference; lastKnownFileType = sourcecode.swift; path = PokemonListCellConstants.swift; sourceTree = "<group>"; };
		963AFC712A29006A0039A8FD /* pokedex.app */ = {isa = PBXFileReference; explicitFileType = wrapper.application; includeInIndex = 0; path = pokedex.app; sourceTree = BUILT_PRODUCTS_DIR; };
		963AFC742A29006A0039A8FD /* AppDelegate.swift */ = {isa = PBXFileReference; lastKnownFileType = sourcecode.swift; path = AppDelegate.swift; sourceTree = "<group>"; };
		963AFC762A29006A0039A8FD /* SceneDelegate.swift */ = {isa = PBXFileReference; lastKnownFileType = sourcecode.swift; path = SceneDelegate.swift; sourceTree = "<group>"; };
		963AFC782A29006A0039A8FD /* PokemonListViewController.swift */ = {isa = PBXFileReference; lastKnownFileType = sourcecode.swift; path = PokemonListViewController.swift; sourceTree = "<group>"; };
		963AFC7D2A29006C0039A8FD /* Assets.xcassets */ = {isa = PBXFileReference; lastKnownFileType = folder.assetcatalog; path = Assets.xcassets; sourceTree = "<group>"; };
		963AFC802A29006C0039A8FD /* Base */ = {isa = PBXFileReference; lastKnownFileType = file.storyboard; name = Base; path = Base.lproj/LaunchScreen.storyboard; sourceTree = "<group>"; };
		963AFC822A29006C0039A8FD /* Info.plist */ = {isa = PBXFileReference; lastKnownFileType = text.plist.xml; path = Info.plist; sourceTree = "<group>"; };
		963AFC882A2900CF0039A8FD /* PokemonListCell.swift */ = {isa = PBXFileReference; lastKnownFileType = sourcecode.swift; path = PokemonListCell.swift; sourceTree = "<group>"; };
		963AFC8A2A2900EF0039A8FD /* PokemonDetails.swift */ = {isa = PBXFileReference; lastKnownFileType = sourcecode.swift; path = PokemonDetails.swift; sourceTree = "<group>"; };
		963AFC8C2A2900FE0039A8FD /* PokemonList.swift */ = {isa = PBXFileReference; lastKnownFileType = sourcecode.swift; path = PokemonList.swift; sourceTree = "<group>"; };
		9658FE0E2AC1FAAA00058ECC /* PokemonDetailsConstants.swift */ = {isa = PBXFileReference; lastKnownFileType = sourcecode.swift; path = PokemonDetailsConstants.swift; sourceTree = "<group>"; };
		96680DB72A797B9100FBA3A7 /* PokemonListViewModel.swift */ = {isa = PBXFileReference; lastKnownFileType = sourcecode.swift; path = PokemonListViewModel.swift; sourceTree = "<group>"; };
		9691C66D2A8D3E0800EFD581 /* PokemonDetailsViewController.swift */ = {isa = PBXFileReference; lastKnownFileType = sourcecode.swift; path = PokemonDetailsViewController.swift; sourceTree = "<group>"; };
		969215C22AFD2E2F009A12AB /* Service.swift */ = {isa = PBXFileReference; lastKnownFileType = sourcecode.swift; path = Service.swift; sourceTree = "<group>"; };
		969215C42AFD2E47009A12AB /* PokedexService.swift */ = {isa = PBXFileReference; lastKnownFileType = sourcecode.swift; path = PokedexService.swift; sourceTree = "<group>"; };
		969215C72B026400009A12AB /* PokemonListSearchBar.swift */ = {isa = PBXFileReference; lastKnownFileType = sourcecode.swift; path = PokemonListSearchBar.swift; sourceTree = "<group>"; };
		9698706B2A324C840056EDAE /* PokemonListConstants.swift */ = {isa = PBXFileReference; lastKnownFileType = sourcecode.swift; path = PokemonListConstants.swift; sourceTree = "<group>"; };
		96B651232AC1B03A00481EC5 /* PokemonDetailsViewModel.swift */ = {isa = PBXFileReference; lastKnownFileType = sourcecode.swift; path = PokemonDetailsViewModel.swift; sourceTree = "<group>"; };
/* End PBXFileReference section */

/* Begin PBXFrameworksBuildPhase section */
		963AFC6E2A29006A0039A8FD /* Frameworks */ = {
			isa = PBXFrameworksBuildPhase;
			buildActionMask = 2147483647;
			files = (
			);
			runOnlyForDeploymentPostprocessing = 0;
		};
/* End PBXFrameworksBuildPhase section */

/* Begin PBXGroup section */
		963AFC682A29006A0039A8FD = {
			isa = PBXGroup;
			children = (
				963AFC732A29006A0039A8FD /* pokedex */,
				963AFC722A29006A0039A8FD /* Products */,
			);
			sourceTree = "<group>";
		};
		963AFC722A29006A0039A8FD /* Products */ = {
			isa = PBXGroup;
			children = (
				963AFC712A29006A0039A8FD /* pokedex.app */,
			);
			name = Products;
			sourceTree = "<group>";
		};
		963AFC732A29006A0039A8FD /* pokedex */ = {
			isa = PBXGroup;
			children = (
				969870622A322AB40056EDAE /* Application */,
				969870602A322A5B0056EDAE /* Resources */,
				969870612A322A760056EDAE /* Sources */,
			);
			path = pokedex;
			sourceTree = "<group>";
		};
		9658FE0D2AC1FA8400058ECC /* Constants */ = {
			isa = PBXGroup;
			children = (
				9658FE0E2AC1FAAA00058ECC /* PokemonDetailsConstants.swift */,
			);
			path = Constants;
			sourceTree = "<group>";
		};
		96680DB42A796D2500FBA3A7 /* Modules */ = {
			isa = PBXGroup;
			children = (
				969870652A322DBA0056EDAE /* Models */,
				9691C6712A8FF0D100EFD581 /* PokemonDetail */,
				96680DB52A79712900FBA3A7 /* PokemonList */,
			);
			path = Modules;
			sourceTree = "<group>";
		};
		96680DB52A79712900FBA3A7 /* PokemonList */ = {
			isa = PBXGroup;
			children = (
				969215C62B0263EC009A12AB /* SearchBar */,
				9698706A2A324C320056EDAE /* Contants */,
				96680DB62A79781600FBA3A7 /* ViewController */,
				969870672A322E7A0056EDAE /* ViewModel */,
				969870662A322DC30056EDAE /* View */,
			);
			path = PokemonList;
			sourceTree = "<group>";
		};
		96680DB62A79781600FBA3A7 /* ViewController */ = {
			isa = PBXGroup;
			children = (
				963AFC782A29006A0039A8FD /* PokemonListViewController.swift */,
			);
			path = ViewController;
			sourceTree = "<group>";
		};
		9691C6712A8FF0D100EFD581 /* PokemonDetail */ = {
			isa = PBXGroup;
			children = (
				9658FE0D2AC1FA8400058ECC /* Constants */,
				96B651262AC1DD7400481EC5 /* ViewController */,
				96B651252AC1DD5C00481EC5 /* ViewModel */,
			);
			path = PokemonDetail;
			sourceTree = "<group>";
		};
		969215C62B0263EC009A12AB /* SearchBar */ = {
			isa = PBXGroup;
			children = (
				969215C72B026400009A12AB /* PokemonListSearchBar.swift */,
			);
			path = SearchBar;
			sourceTree = "<group>";
		};
		969870602A322A5B0056EDAE /* Resources */ = {
			isa = PBXGroup;
			children = (
				963AFC7D2A29006C0039A8FD /* Assets.xcassets */,
				969870642A322BD50056EDAE /* Properties */,
				969870632A322B8E0056EDAE /* Xibs */,
			);
			path = Resources;
			sourceTree = "<group>";
		};
		969870612A322A760056EDAE /* Sources */ = {
			isa = PBXGroup;
			children = (
				96680DB42A796D2500FBA3A7 /* Modules */,
				969870682A322E950056EDAE /* Service */,
			);
			path = Sources;
			sourceTree = "<group>";
		};
		969870622A322AB40056EDAE /* Application */ = {
			isa = PBXGroup;
			children = (
				963AFC742A29006A0039A8FD /* AppDelegate.swift */,
				963AFC762A29006A0039A8FD /* SceneDelegate.swift */,
			);
			path = Application;
			sourceTree = "<group>";
		};
		969870632A322B8E0056EDAE /* Xibs */ = {
			isa = PBXGroup;
			children = (
				963AFC7F2A29006C0039A8FD /* LaunchScreen.storyboard */,
			);
			path = Xibs;
			sourceTree = "<group>";
		};
		969870642A322BD50056EDAE /* Properties */ = {
			isa = PBXGroup;
			children = (
				963AFC822A29006C0039A8FD /* Info.plist */,
			);
			path = Properties;
			sourceTree = "<group>";
		};
		969870652A322DBA0056EDAE /* Models */ = {
			isa = PBXGroup;
			children = (
				963AFC8C2A2900FE0039A8FD /* PokemonList.swift */,
				963AFC8A2A2900EF0039A8FD /* PokemonDetails.swift */,
			);
			path = Models;
			sourceTree = "<group>";
		};
		969870662A322DC30056EDAE /* View */ = {
			isa = PBXGroup;
			children = (
				963AFC882A2900CF0039A8FD /* PokemonListCell.swift */,
			);
			path = View;
			sourceTree = "<group>";
		};
		969870672A322E7A0056EDAE /* ViewModel */ = {
			isa = PBXGroup;
			children = (
				96680DB72A797B9100FBA3A7 /* PokemonListViewModel.swift */,
			);
			path = ViewModel;
			sourceTree = "<group>";
		};
		969870682A322E950056EDAE /* Service */ = {
			isa = PBXGroup;
			children = (
				969215C22AFD2E2F009A12AB /* Service.swift */,
				969215C42AFD2E47009A12AB /* PokedexService.swift */,
			);
			path = Service;
			sourceTree = "<group>";
		};
		9698706A2A324C320056EDAE /* Contants */ = {
			isa = PBXGroup;
			children = (
				9698706B2A324C840056EDAE /* PokemonListConstants.swift */,
				962322EB2A3388C600C85D93 /* PokemonListCellConstants.swift */,
			);
			path = Contants;
			sourceTree = "<group>";
		};
		96B651252AC1DD5C00481EC5 /* ViewModel */ = {
			isa = PBXGroup;
			children = (
				96B651232AC1B03A00481EC5 /* PokemonDetailsViewModel.swift */,
			);
			path = ViewModel;
			sourceTree = "<group>";
		};
		96B651262AC1DD7400481EC5 /* ViewController */ = {
			isa = PBXGroup;
			children = (
				9691C66D2A8D3E0800EFD581 /* PokemonDetailsViewController.swift */,
			);
			path = ViewController;
			sourceTree = "<group>";
		};
/* End PBXGroup section */

/* Begin PBXNativeTarget section */
		963AFC702A29006A0039A8FD /* pokedex */ = {
			isa = PBXNativeTarget;
			buildConfigurationList = 963AFC852A29006C0039A8FD /* Build configuration list for PBXNativeTarget "pokedex" */;
			buildPhases = (
				963AFC6D2A29006A0039A8FD /* Sources */,
				963AFC6E2A29006A0039A8FD /* Frameworks */,
				963AFC6F2A29006A0039A8FD /* Resources */,
			);
			buildRules = (
			);
			dependencies = (
			);
			name = pokedex;
			productName = pokedex;
			productReference = 963AFC712A29006A0039A8FD /* pokedex.app */;
			productType = "com.apple.product-type.application";
		};
/* End PBXNativeTarget section */

/* Begin PBXProject section */
		963AFC692A29006A0039A8FD /* Project object */ = {
			isa = PBXProject;
			attributes = {
				BuildIndependentTargetsInParallel = 1;
				LastSwiftUpdateCheck = 1420;
				LastUpgradeCheck = 1420;
				TargetAttributes = {
					963AFC702A29006A0039A8FD = {
						CreatedOnToolsVersion = 14.2;
					};
				};
			};
			buildConfigurationList = 963AFC6C2A29006A0039A8FD /* Build configuration list for PBXProject "pokedex" */;
			compatibilityVersion = "Xcode 14.0";
			developmentRegion = en;
			hasScannedForEncodings = 0;
			knownRegions = (
				en,
				Base,
			);
			mainGroup = 963AFC682A29006A0039A8FD;
			productRefGroup = 963AFC722A29006A0039A8FD /* Products */;
			projectDirPath = "";
			projectRoot = "";
			targets = (
				963AFC702A29006A0039A8FD /* pokedex */,
			);
		};
/* End PBXProject section */

/* Begin PBXResourcesBuildPhase section */
		963AFC6F2A29006A0039A8FD /* Resources */ = {
			isa = PBXResourcesBuildPhase;
			buildActionMask = 2147483647;
			files = (
				963AFC812A29006C0039A8FD /* LaunchScreen.storyboard in Resources */,
				963AFC7E2A29006C0039A8FD /* Assets.xcassets in Resources */,
			);
			runOnlyForDeploymentPostprocessing = 0;
		};
/* End PBXResourcesBuildPhase section */

/* Begin PBXSourcesBuildPhase section */
		963AFC6D2A29006A0039A8FD /* Sources */ = {
			isa = PBXSourcesBuildPhase;
			buildActionMask = 2147483647;
			files = (
				963AFC792A29006A0039A8FD /* PokemonListViewController.swift in Sources */,
				9691C66E2A8D3E0800EFD581 /* PokemonDetailsViewController.swift in Sources */,
				962322EC2A3388C600C85D93 /* PokemonListCellConstants.swift in Sources */,
				963AFC8D2A2900FE0039A8FD /* PokemonList.swift in Sources */,
				969215C52AFD2E47009A12AB /* PokedexService.swift in Sources */,
				963AFC892A2900CF0039A8FD /* PokemonListCell.swift in Sources */,
				9698706C2A324C840056EDAE /* PokemonListConstants.swift in Sources */,
				963AFC8B2A2900EF0039A8FD /* PokemonDetails.swift in Sources */,
				9658FE0F2AC1FAAA00058ECC /* PokemonDetailsConstants.swift in Sources */,
				96B651242AC1B03A00481EC5 /* PokemonDetailsViewModel.swift in Sources */,
				963AFC752A29006A0039A8FD /* AppDelegate.swift in Sources */,
				969215C32AFD2E2F009A12AB /* Service.swift in Sources */,
				969215C82B026400009A12AB /* PokemonListSearchBar.swift in Sources */,
				96680DB82A797B9100FBA3A7 /* PokemonListViewModel.swift in Sources */,
				963AFC772A29006A0039A8FD /* SceneDelegate.swift in Sources */,
			);
			runOnlyForDeploymentPostprocessing = 0;
		};
/* End PBXSourcesBuildPhase section */

/* Begin PBXVariantGroup section */
		963AFC7F2A29006C0039A8FD /* LaunchScreen.storyboard */ = {
			isa = PBXVariantGroup;
			children = (
				963AFC802A29006C0039A8FD /* Base */,
			);
			name = LaunchScreen.storyboard;
			sourceTree = "<group>";
		};
/* End PBXVariantGroup section */

/* Begin XCBuildConfiguration section */
		963AFC832A29006C0039A8FD /* Debug */ = {
			isa = XCBuildConfiguration;
			buildSettings = {
				ALWAYS_SEARCH_USER_PATHS = NO;
				CLANG_ANALYZER_NONNULL = YES;
				CLANG_ANALYZER_NUMBER_OBJECT_CONVERSION = YES_AGGRESSIVE;
				CLANG_CXX_LANGUAGE_STANDARD = "gnu++20";
				CLANG_ENABLE_MODULES = YES;
				CLANG_ENABLE_OBJC_ARC = YES;
				CLANG_ENABLE_OBJC_WEAK = YES;
				CLANG_WARN_BLOCK_CAPTURE_AUTORELEASING = YES;
				CLANG_WARN_BOOL_CONVERSION = YES;
				CLANG_WARN_COMMA = YES;
				CLANG_WARN_CONSTANT_CONVERSION = YES;
				CLANG_WARN_DEPRECATED_OBJC_IMPLEMENTATIONS = YES;
				CLANG_WARN_DIRECT_OBJC_ISA_USAGE = YES_ERROR;
				CLANG_WARN_DOCUMENTATION_COMMENTS = YES;
				CLANG_WARN_EMPTY_BODY = YES;
				CLANG_WARN_ENUM_CONVERSION = YES;
				CLANG_WARN_INFINITE_RECURSION = YES;
				CLANG_WARN_INT_CONVERSION = YES;
				CLANG_WARN_NON_LITERAL_NULL_CONVERSION = YES;
				CLANG_WARN_OBJC_IMPLICIT_RETAIN_SELF = YES;
				CLANG_WARN_OBJC_LITERAL_CONVERSION = YES;
				CLANG_WARN_OBJC_ROOT_CLASS = YES_ERROR;
				CLANG_WARN_QUOTED_INCLUDE_IN_FRAMEWORK_HEADER = YES;
				CLANG_WARN_RANGE_LOOP_ANALYSIS = YES;
				CLANG_WARN_STRICT_PROTOTYPES = YES;
				CLANG_WARN_SUSPICIOUS_MOVE = YES;
				CLANG_WARN_UNGUARDED_AVAILABILITY = YES_AGGRESSIVE;
				CLANG_WARN_UNREACHABLE_CODE = YES;
				CLANG_WARN__DUPLICATE_METHOD_MATCH = YES;
				COPY_PHASE_STRIP = NO;
				DEBUG_INFORMATION_FORMAT = dwarf;
				ENABLE_STRICT_OBJC_MSGSEND = YES;
				ENABLE_TESTABILITY = YES;
				GCC_C_LANGUAGE_STANDARD = gnu11;
				GCC_DYNAMIC_NO_PIC = NO;
				GCC_NO_COMMON_BLOCKS = YES;
				GCC_OPTIMIZATION_LEVEL = 0;
				GCC_PREPROCESSOR_DEFINITIONS = (
					"DEBUG=1",
					"$(inherited)",
				);
				GCC_WARN_64_TO_32_BIT_CONVERSION = YES;
				GCC_WARN_ABOUT_RETURN_TYPE = YES_ERROR;
				GCC_WARN_UNDECLARED_SELECTOR = YES;
				GCC_WARN_UNINITIALIZED_AUTOS = YES_AGGRESSIVE;
				GCC_WARN_UNUSED_FUNCTION = YES;
				GCC_WARN_UNUSED_VARIABLE = YES;
				IPHONEOS_DEPLOYMENT_TARGET = 16.2;
				MTL_ENABLE_DEBUG_INFO = INCLUDE_SOURCE;
				MTL_FAST_MATH = YES;
				ONLY_ACTIVE_ARCH = YES;
				SDKROOT = iphoneos;
				SWIFT_ACTIVE_COMPILATION_CONDITIONS = DEBUG;
				SWIFT_OPTIMIZATION_LEVEL = "-Onone";
			};
			name = Debug;
		};
		963AFC842A29006C0039A8FD /* Release */ = {
			isa = XCBuildConfiguration;
			buildSettings = {
				ALWAYS_SEARCH_USER_PATHS = NO;
				CLANG_ANALYZER_NONNULL = YES;
				CLANG_ANALYZER_NUMBER_OBJECT_CONVERSION = YES_AGGRESSIVE;
				CLANG_CXX_LANGUAGE_STANDARD = "gnu++20";
				CLANG_ENABLE_MODULES = YES;
				CLANG_ENABLE_OBJC_ARC = YES;
				CLANG_ENABLE_OBJC_WEAK = YES;
				CLANG_WARN_BLOCK_CAPTURE_AUTORELEASING = YES;
				CLANG_WARN_BOOL_CONVERSION = YES;
				CLANG_WARN_COMMA = YES;
				CLANG_WARN_CONSTANT_CONVERSION = YES;
				CLANG_WARN_DEPRECATED_OBJC_IMPLEMENTATIONS = YES;
				CLANG_WARN_DIRECT_OBJC_ISA_USAGE = YES_ERROR;
				CLANG_WARN_DOCUMENTATION_COMMENTS = YES;
				CLANG_WARN_EMPTY_BODY = YES;
				CLANG_WARN_ENUM_CONVERSION = YES;
				CLANG_WARN_INFINITE_RECURSION = YES;
				CLANG_WARN_INT_CONVERSION = YES;
				CLANG_WARN_NON_LITERAL_NULL_CONVERSION = YES;
				CLANG_WARN_OBJC_IMPLICIT_RETAIN_SELF = YES;
				CLANG_WARN_OBJC_LITERAL_CONVERSION = YES;
				CLANG_WARN_OBJC_ROOT_CLASS = YES_ERROR;
				CLANG_WARN_QUOTED_INCLUDE_IN_FRAMEWORK_HEADER = YES;
				CLANG_WARN_RANGE_LOOP_ANALYSIS = YES;
				CLANG_WARN_STRICT_PROTOTYPES = YES;
				CLANG_WARN_SUSPICIOUS_MOVE = YES;
				CLANG_WARN_UNGUARDED_AVAILABILITY = YES_AGGRESSIVE;
				CLANG_WARN_UNREACHABLE_CODE = YES;
				CLANG_WARN__DUPLICATE_METHOD_MATCH = YES;
				COPY_PHASE_STRIP = NO;
				DEBUG_INFORMATION_FORMAT = "dwarf-with-dsym";
				ENABLE_NS_ASSERTIONS = NO;
				ENABLE_STRICT_OBJC_MSGSEND = YES;
				GCC_C_LANGUAGE_STANDARD = gnu11;
				GCC_NO_COMMON_BLOCKS = YES;
				GCC_WARN_64_TO_32_BIT_CONVERSION = YES;
				GCC_WARN_ABOUT_RETURN_TYPE = YES_ERROR;
				GCC_WARN_UNDECLARED_SELECTOR = YES;
				GCC_WARN_UNINITIALIZED_AUTOS = YES_AGGRESSIVE;
				GCC_WARN_UNUSED_FUNCTION = YES;
				GCC_WARN_UNUSED_VARIABLE = YES;
				IPHONEOS_DEPLOYMENT_TARGET = 16.2;
				MTL_ENABLE_DEBUG_INFO = NO;
				MTL_FAST_MATH = YES;
				SDKROOT = iphoneos;
				SWIFT_COMPILATION_MODE = wholemodule;
				SWIFT_OPTIMIZATION_LEVEL = "-O";
				VALIDATE_PRODUCT = YES;
			};
			name = Release;
		};
		963AFC862A29006C0039A8FD /* Debug */ = {
			isa = XCBuildConfiguration;
			buildSettings = {
				ASSETCATALOG_COMPILER_APPICON_NAME = AppIcon;
				ASSETCATALOG_COMPILER_GLOBAL_ACCENT_COLOR_NAME = AccentColor;
				CODE_SIGN_STYLE = Automatic;
				CURRENT_PROJECT_VERSION = 1;
				DEVELOPMENT_TEAM = 65DSA64CQJ;
				GENERATE_INFOPLIST_FILE = YES;
				INFOPLIST_FILE = pokedex/resources/properties/Info.plist;
				INFOPLIST_KEY_UIApplicationSupportsIndirectInputEvents = YES;
				INFOPLIST_KEY_UILaunchStoryboardName = LaunchScreen;
				INFOPLIST_KEY_UIStatusBarStyle = "";
				INFOPLIST_KEY_UISupportedInterfaceOrientations_iPad = "UIInterfaceOrientationPortrait UIInterfaceOrientationPortraitUpsideDown UIInterfaceOrientationLandscapeLeft UIInterfaceOrientationLandscapeRight";
				INFOPLIST_KEY_UISupportedInterfaceOrientations_iPhone = "UIInterfaceOrientationPortrait UIInterfaceOrientationLandscapeLeft UIInterfaceOrientationLandscapeRight";
				IPHONEOS_DEPLOYMENT_TARGET = 16.0;
				LD_RUNPATH_SEARCH_PATHS = (
					"$(inherited)",
					"@executable_path/Frameworks",
				);
				MARKETING_VERSION = 1.0;
				PRODUCT_BUNDLE_IDENTIFIER = com.analesniovski.pokedex;
				PRODUCT_NAME = "$(TARGET_NAME)";
				SWIFT_EMIT_LOC_STRINGS = YES;
				SWIFT_VERSION = 5.0;
				TARGETED_DEVICE_FAMILY = "1,2";
			};
			name = Debug;
		};
		963AFC872A29006C0039A8FD /* Release */ = {
			isa = XCBuildConfiguration;
			buildSettings = {
				ASSETCATALOG_COMPILER_APPICON_NAME = AppIcon;
				ASSETCATALOG_COMPILER_GLOBAL_ACCENT_COLOR_NAME = AccentColor;
				CODE_SIGN_STYLE = Automatic;
				CURRENT_PROJECT_VERSION = 1;
				DEVELOPMENT_TEAM = 65DSA64CQJ;
				GENERATE_INFOPLIST_FILE = YES;
				INFOPLIST_FILE = pokedex/resources/properties/Info.plist;
				INFOPLIST_KEY_UIApplicationSupportsIndirectInputEvents = YES;
				INFOPLIST_KEY_UILaunchStoryboardName = LaunchScreen;
				INFOPLIST_KEY_UIStatusBarStyle = "";
				INFOPLIST_KEY_UISupportedInterfaceOrientations_iPad = "UIInterfaceOrientationPortrait UIInterfaceOrientationPortraitUpsideDown UIInterfaceOrientationLandscapeLeft UIInterfaceOrientationLandscapeRight";
				INFOPLIST_KEY_UISupportedInterfaceOrientations_iPhone = "UIInterfaceOrientationPortrait UIInterfaceOrientationLandscapeLeft UIInterfaceOrientationLandscapeRight";
				IPHONEOS_DEPLOYMENT_TARGET = 16.0;
				LD_RUNPATH_SEARCH_PATHS = (
					"$(inherited)",
					"@executable_path/Frameworks",
				);
				MARKETING_VERSION = 1.0;
				PRODUCT_BUNDLE_IDENTIFIER = com.analesniovski.pokedex;
				PRODUCT_NAME = "$(TARGET_NAME)";
				SWIFT_EMIT_LOC_STRINGS = YES;
				SWIFT_VERSION = 5.0;
				TARGETED_DEVICE_FAMILY = "1,2";
			};
			name = Release;
		};
/* End XCBuildConfiguration section */

/* Begin XCConfigurationList section */
		963AFC6C2A29006A0039A8FD /* Build configuration list for PBXProject "pokedex" */ = {
			isa = XCConfigurationList;
			buildConfigurations = (
				963AFC832A29006C0039A8FD /* Debug */,
				963AFC842A29006C0039A8FD /* Release */,
			);
			defaultConfigurationIsVisible = 0;
			defaultConfigurationName = Release;
		};
		963AFC852A29006C0039A8FD /* Build configuration list for PBXNativeTarget "pokedex" */ = {
			isa = XCConfigurationList;
			buildConfigurations = (
				963AFC862A29006C0039A8FD /* Debug */,
				963AFC872A29006C0039A8FD /* Release */,
			);
			defaultConfigurationIsVisible = 0;
			defaultConfigurationName = Release;
		};
/* End XCConfigurationList section */
	};
	rootObject = 963AFC692A29006A0039A8FD /* Project object */;
}
